
Microsoft Visual Studio Solution File, Format Version 12.00
# Visual Studio 14
VisualStudioVersion = 14.0.25420.1
MinimumVisualStudioVersion = 10.0.40219.1
Project("{FAE04EC0-301F-11D3-BF4B-00C04F79EFBC}") = "ImplementacaoTotp", "ImplementacaoTotp\ImplementacaoTotp.csproj", "{BAE87ED3-93D1-406C-8341-32BD48BB2793}"
EndProject
Project("{FAE04EC0-301F-11D3-BF4B-00C04F79EFBC}") = "BN.S160.IToken", "BN.S160.IToken\BN.S160.IToken.csproj", "{EF6630DF-DEDC-4988-885F-BEC1A6C94B23}"
EndProject
Global
	GlobalSection(SolutionConfigurationPlatforms) = preSolution
		Debug|Any CPU = Debug|Any CPU
		Release|Any CPU = Release|Any CPU
	EndGlobalSection
	GlobalSection(ProjectConfigurationPlatforms) = postSolution
		{BAE87ED3-93D1-406C-8341-32BD48BB2793}.Debug|Any CPU.ActiveCfg = Debug|Any CPU
		{BAE87ED3-93D1-406C-8341-32BD48BB2793}.Debug|Any CPU.Build.0 = Debug|Any CPU
		{BAE87ED3-93D1-406C-8341-32BD48BB2793}.Release|Any CPU.ActiveCfg = Release|Any CPU
		{BAE87ED3-93D1-406C-8341-32BD48BB2793}.Release|Any CPU.Build.0 = Release|Any CPU
		{EF6630DF-DEDC-4988-885F-BEC1A6C94B23}.Debug|Any CPU.ActiveCfg = Debug|Any CPU
		{EF6630DF-DEDC-4988-885F-BEC1A6C94B23}.Debug|Any CPU.Build.0 = Debug|Any CPU
		{EF6630DF-DEDC-4988-885F-BEC1A6C94B23}.Release|Any CPU.ActiveCfg = Release|Any CPU
		{EF6630DF-DEDC-4988-885F-BEC1A6C94B23}.Release|Any CPU.Build.0 = Release|Any CPU
	EndGlobalSection
	GlobalSection(SolutionProperties) = preSolution
		HideSolutionNode = FALSE
	EndGlobalSection
EndGlobal
